<?xml version="1.0" encoding="utf-8"?>
<Project ToolsVersion="4.0" xmlns="http://schemas.microsoft.com/developer/msbuild/2003">
  <ItemGroup>
    <ClCompile Include="Packet.cpp" />
    <ClCompile Include="PacketObject.cpp" />
    <ClCompile Include="PacketFragment.cpp" />
    <ClCompile Include="PacketObjectIterator.cpp" />
    <ClCompile Include="PacketStringOperations.cpp" />
    <ClCompile Include="PacketObjectManager.cpp" />
    <ClCompile Include="PacketObjectStructure.cpp" />
    <ClCompile Include="PacketObjectHashTable.cpp" />
    <ClCompile Include="PacketFileDataOperations.cpp" />
    <ClCompile Include="PacketFile.cpp" />
    <ClCompile Include="PacketFileLoader.cpp" />
    <ClCompile Include="PacketFileLoaderQueue.cpp" />
    <ClCompile Include="PacketError.cpp" />
    <ClCompile Include="PacketStrings.cpp" />
    <ClCompile Include="PacketObjectTemporaryPath.cpp" />
    <ClCompile Include="PacketObjectIteratorPath.cpp" />
    <ClCompile Include="PacketFileRequester.cpp" />
    <ClCompile Include="PacketFileStorage.cpp" />
    <ClCompile Include="PacketFileRemover.cpp" />
    <ClCompile Include="Peon-master\PeonJob.cpp">
      <Filter>Peon</Filter>
    </ClCompile>
    <ClCompile Include="Peon-master\PeonStealingQueue.cpp">
      <Filter>Peon</Filter>
    </ClCompile>
    <ClCompile Include="Peon-master\PeonSystem.cpp">
      <Filter>Peon</Filter>
    </ClCompile>
    <ClCompile Include="Peon-master\PeonWorker.cpp">
      <Filter>Peon</Filter>
    </ClCompile>
    <ClCompile Include="PacketFileReference.cpp" />
    <ClCompile Include="PacketFileManager.cpp" />
  </ItemGroup>
  <ItemGroup>
    <ClInclude Include="PacketConfig.h" />
    <ClInclude Include="PacketObject.h" />
    <ClInclude Include="PacketFragment.h" />
    <ClInclude Include="PacketObjectIterator.h" />
    <ClInclude Include="PacketStringOperations.h" />
    <ClInclude Include="PacketObjectManager.h" />
    <ClInclude Include="PacketObjectStructure.h" />
    <ClInclude Include="PacketObjectHashTable.h" />
    <ClInclude Include="PacketFileDataOperations.h" />
    <ClInclude Include="PacketFile.h" />
    <ClInclude Include="PacketFileLoader.h" />
    <ClInclude Include="PacketFileLoaderQueue.h" />
    <ClInclude Include="PacketError.h" />
    <ClInclude Include="PacketStrings.h" />
    <ClInclude Include="PacketObjectTemporaryPath.h" />
    <ClInclude Include="PacketObjectIteratorPath.h" />
    <ClInclude Include="PacketFileRequester.h" />
    <ClInclude Include="PacketFileStorage.h" />
    <ClInclude Include="PacketFileRemover.h" />
    <ClInclude Include="Peon-master\Peon.h">
      <Filter>Peon</Filter>
    </ClInclude>
    <ClInclude Include="Peon-master\PeonConfig.h">
      <Filter>Peon</Filter>
    </ClInclude>
    <ClInclude Include="Peon-master\PeonJob.h">
      <Filter>Peon</Filter>
    </ClInclude>
    <ClInclude Include="Peon-master\PeonStealingQueue.h">
      <Filter>Peon</Filter>
    </ClInclude>
    <ClInclude Include="Peon-master\PeonSystem.h">
      <Filter>Peon</Filter>
    </ClInclude>
    <ClInclude Include="Peon-master\PeonWorker.h">
      <Filter>Peon</Filter>
    </ClInclude>
    <ClInclude Include="PacketMultipleQueue.h" />
    <ClInclude Include="PacketFileReference.h" />
    <ClInclude Include="PacketFileManager.h" />
    <ClInclude Include="Packet.h" />
  </ItemGroup>
  <ItemGroup>
    <None Include="..\README.md" />
  </ItemGroup>
  <ItemGroup>
    <Filter Include="Peon">
      <UniqueIdentifier>{8c2515b7-50a0-40a8-a52c-66305da9fa7e}</UniqueIdentifier>
    </Filter>
  </ItemGroup>
</Project>