<?xml version="1.0" encoding="utf-8"?>
<Project ToolsVersion="4.0" xmlns="http://schemas.microsoft.com/developer/msbuild/2003">
  <ItemGroup>
    <ClCompile Include="Packet.cpp" />
    <ClCompile Include="PacketObject.cpp" />
    <ClCompile Include="PacketFragment.cpp" />
    <ClCompile Include="PacketObjectIterator.cpp" />
    <ClCompile Include="PacketStringOperations.cpp" />
    <ClCompile Include="PacketObjectManager.cpp" />
    <ClCompile Include="PacketObjectStructure.cpp" />
    <ClCompile Include="PacketObjectHashTable.cpp" />
    <ClCompile Include="PacketFileDataOperations.cpp" />
    <ClCompile Include="PacketFile.cpp" />
    <ClCompile Include="PacketFileLoader.cpp" />
    <ClCompile Include="PacketFileLoaderQueue.cpp" />
    <ClCompile Include="PacketError.cpp" />
    <ClCompile Include="PacketStrings.cpp" />
    <ClCompile Include="PacketObjectTemporaryPath.cpp" />
    <ClCompile Include="PacketObjectIteratorPath.cpp" />
  </ItemGroup>
  <ItemGroup>
    <ClInclude Include="PacketConfig.h" />
    <ClInclude Include="PacketObject.h" />
    <ClInclude Include="PacketFragment.h" />
    <ClInclude Include="PacketObjectIterator.h" />
    <ClInclude Include="PacketStringOperations.h" />
    <ClInclude Include="PacketObjectManager.h" />
    <ClInclude Include="PacketObjectStructure.h" />
    <ClInclude Include="PacketObjectHashTable.h" />
    <ClInclude Include="PacketFileDataOperations.h" />
    <ClInclude Include="PacketFile.h" />
    <ClInclude Include="PacketFileLoader.h" />
    <ClInclude Include="PacketFileLoaderQueue.h" />
    <ClInclude Include="PacketError.h" />
    <ClInclude Include="PacketStrings.h" />
    <ClInclude Include="PacketObjectTemporaryPath.h" />
    <ClInclude Include="PacketObjectIteratorPath.h" />
  </ItemGroup>
  <ItemGroup>
    <None Include="..\README.md" />
  </ItemGroup>
</Project>